Microsoft Visual Studio Solution File, Format Version 12.00
# Visual Studio Version 17
VisualStudioVersion = 17.5.2.0
MinimumVisualStudioVersion = 10.0.40219.1
Project("{FAE04EC0-301F-11D3-BF4B-00C04F79EFBC}") = "ServindAp.UI", "ServindAp.UI.csproj", "{CD0702EA-8E64-B1E3-0EB1-17B55D499D86}"
EndProject
Global
	GlobalSection(SolutionConfigurationPlatforms) = preSolution
		Debug|Any CPU = Debug|Any CPU
		Release|Any CPU = Release|Any CPU
	EndGlobalSection
	GlobalSection(ProjectConfigurationPlatforms) = postSolution
		{CD0702EA-8E64-B1E3-0EB1-17B55D499D86}.Debug|Any CPU.ActiveCfg = Debug|Any CPU
		{CD0702EA-8E64-B1E3-0EB1-17B55D499D86}.Debug|Any CPU.Build.0 = Debug|Any CPU
		{CD0702EA-8E64-B1E3-0EB1-17B55D499D86}.Release|Any CPU.ActiveCfg = Release|Any CPU
		{CD0702EA-8E64-B1E3-0EB1-17B55D499D86}.Release|Any CPU.Build.0 = Release|Any CPU
	EndGlobalSection
	GlobalSection(SolutionProperties) = preSolution
		HideSolutionNode = FALSE
	EndGlobalSection
	GlobalSection(ExtensibilityGlobals) = postSolution
		SolutionGuid = {133F4B58-B0B0-4ED5-871F-3C987F0631D6}
	EndGlobalSection
EndGlobal
